<Solution>
  <Folder Name="/src/">
    <Project Path="src/OpenTheWindows.Core/OpenTheWindows.Core.csproj" />
    <Project Path="src/OpenTheWindows.App.BlazorHybrid/OpenTheWindows.App.BlazorHybrid.csproj" />
  </Folder>
  <Folder Name="/tests/">
    <Project Path="tests/OpenTheWindows.Core.Tests.TUnit/OpenTheWindows.Core.Tests.TUnit.csproj" />
  </Folder>
</Solution>
